
Microsoft Visual Studio Solution File, Format Version 12.00
# Visual Studio 14
VisualStudioVersion = 14.0.25420.1
MinimumVisualStudioVersion = 10.0.40219.1
Project("{FAE04EC0-301F-11D3-BF4B-00C04F79EFBC}") = "WinCefPro", "WinCefPro\WinCefPro.csproj", "{AF2F7D75-943C-4E6F-B219-A215B734D2D9}"
EndProject
Project("{FAE04EC0-301F-11D3-BF4B-00C04F79EFBC}") = "APIControl", "APIControl\APIControl.csproj", "{860C5761-CF28-404B-AFB5-2FDE56CDDCEE}"
EndProject
Global
	GlobalSection(SolutionConfigurationPlatforms) = preSolution
		Debug|Any CPU = Debug|Any CPU
		Debug|x86 = Debug|x86
		Release|Any CPU = Release|Any CPU
		Release|x86 = Release|x86
	EndGlobalSection
	GlobalSection(ProjectConfigurationPlatforms) = postSolution
		{AF2F7D75-943C-4E6F-B219-A215B734D2D9}.Debug|Any CPU.ActiveCfg = Debug|Any CPU
		{AF2F7D75-943C-4E6F-B219-A215B734D2D9}.Debug|Any CPU.Build.0 = Debug|Any CPU
		{AF2F7D75-943C-4E6F-B219-A215B734D2D9}.Debug|x86.ActiveCfg = Debug|x86
		{AF2F7D75-943C-4E6F-B219-A215B734D2D9}.Debug|x86.Build.0 = Debug|x86
		{AF2F7D75-943C-4E6F-B219-A215B734D2D9}.Release|Any CPU.ActiveCfg = Release|Any CPU
		{AF2F7D75-943C-4E6F-B219-A215B734D2D9}.Release|Any CPU.Build.0 = Release|Any CPU
		{AF2F7D75-943C-4E6F-B219-A215B734D2D9}.Release|x86.ActiveCfg = Release|x86
		{AF2F7D75-943C-4E6F-B219-A215B734D2D9}.Release|x86.Build.0 = Release|x86
		{860C5761-CF28-404B-AFB5-2FDE56CDDCEE}.Debug|Any CPU.ActiveCfg = Debug|Any CPU
		{860C5761-CF28-404B-AFB5-2FDE56CDDCEE}.Debug|Any CPU.Build.0 = Debug|Any CPU
		{860C5761-CF28-404B-AFB5-2FDE56CDDCEE}.Debug|x86.ActiveCfg = Debug|Any CPU
		{860C5761-CF28-404B-AFB5-2FDE56CDDCEE}.Debug|x86.Build.0 = Debug|Any CPU
		{860C5761-CF28-404B-AFB5-2FDE56CDDCEE}.Release|Any CPU.ActiveCfg = Release|Any CPU
		{860C5761-CF28-404B-AFB5-2FDE56CDDCEE}.Release|Any CPU.Build.0 = Release|Any CPU
		{860C5761-CF28-404B-AFB5-2FDE56CDDCEE}.Release|x86.ActiveCfg = Release|Any CPU
		{860C5761-CF28-404B-AFB5-2FDE56CDDCEE}.Release|x86.Build.0 = Release|Any CPU
	EndGlobalSection
	GlobalSection(SolutionProperties) = preSolution
		HideSolutionNode = FALSE
	EndGlobalSection
EndGlobal
